// !$*UTF8*$!
{
	archiveVersion = 1;
	classes = {
	};
	objectVersion = 46;
	objects = {

/* Begin PBXBuildFile section */
		471A1DB81E40488D00E15DB0 /* AppDelegate.swift in Sources */ = {isa = PBXBuildFile; fileRef = 471A1DB71E40488D00E15DB0 /* AppDelegate.swift */; };
		471A1DBA1E40488D00E15DB0 /* LoginController.swift in Sources */ = {isa = PBXBuildFile; fileRef = 471A1DB91E40488D00E15DB0 /* LoginController.swift */; };
		471A1DBD1E40488D00E15DB0 /* Main.storyboard in Resources */ = {isa = PBXBuildFile; fileRef = 471A1DBB1E40488D00E15DB0 /* Main.storyboard */; };
		471A1DBF1E40488D00E15DB0 /* Assets.xcassets in Resources */ = {isa = PBXBuildFile; fileRef = 471A1DBE1E40488D00E15DB0 /* Assets.xcassets */; };
		471A1DC21E40488D00E15DB0 /* LaunchScreen.storyboard in Resources */ = {isa = PBXBuildFile; fileRef = 471A1DC01E40488D00E15DB0 /* LaunchScreen.storyboard */; };
		471A1DCD1E40488D00E15DB0 /* OnTheMapTests.swift in Sources */ = {isa = PBXBuildFile; fileRef = 471A1DCC1E40488D00E15DB0 /* OnTheMapTests.swift */; };
		471A1DD81E40488D00E15DB0 /* OnTheMapUITests.swift in Sources */ = {isa = PBXBuildFile; fileRef = 471A1DD71E40488D00E15DB0 /* OnTheMapUITests.swift */; };
		471A1DE71E40614500E15DB0 /* LoginControllerKeyboard.swift in Sources */ = {isa = PBXBuildFile; fileRef = 471A1DE61E40614500E15DB0 /* LoginControllerKeyboard.swift */; };
		4742CB941E40746B00C965D3 /* LoginControllerValidator.swift in Sources */ = {isa = PBXBuildFile; fileRef = 4742CB931E40746B00C965D3 /* LoginControllerValidator.swift */; };
		4742CB981E409E6A00C965D3 /* SessionInfo.swift in Sources */ = {isa = PBXBuildFile; fileRef = 4742CB971E409E6A00C965D3 /* SessionInfo.swift */; };
		4742CB9A1E409EA400C965D3 /* Account.swift in Sources */ = {isa = PBXBuildFile; fileRef = 4742CB991E409EA400C965D3 /* Account.swift */; };
		4742CB9C1E409EC000C965D3 /* Session.swift in Sources */ = {isa = PBXBuildFile; fileRef = 4742CB9B1E409EC000C965D3 /* Session.swift */; };
		4742CB9F1E40CEE200C965D3 /* SessionInfoListener.swift in Sources */ = {isa = PBXBuildFile; fileRef = 4742CB9E1E40CEE200C965D3 /* SessionInfoListener.swift */; };
		4742CBA11E40D07D00C965D3 /* LoginControllerSessionInfo.swift in Sources */ = {isa = PBXBuildFile; fileRef = 4742CBA01E40D07D00C965D3 /* LoginControllerSessionInfo.swift */; };
		4742CBA31E40D0F300C965D3 /* SessionStore.swift in Sources */ = {isa = PBXBuildFile; fileRef = 4742CBA21E40D0F300C965D3 /* SessionStore.swift */; };
		4742CBA51E40FBB600C965D3 /* StudentInfoStore.swift in Sources */ = {isa = PBXBuildFile; fileRef = 4742CBA41E40FBB600C965D3 /* StudentInfoStore.swift */; };
		4742CBA71E40FCEE00C965D3 /* StudentInfo.swift in Sources */ = {isa = PBXBuildFile; fileRef = 4742CBA61E40FCEE00C965D3 /* StudentInfo.swift */; };
		4742CBA91E40FD5F00C965D3 /* StudentInfoListener.swift in Sources */ = {isa = PBXBuildFile; fileRef = 4742CBA81E40FD5F00C965D3 /* StudentInfoListener.swift */; };
		4742CBAC1E41035000C965D3 /* MapKit.framework in Frameworks */ = {isa = PBXBuildFile; fileRef = 4742CBAB1E41035000C965D3 /* MapKit.framework */; };
		4742CBAE1E4103DC00C965D3 /* MapController.swift in Sources */ = {isa = PBXBuildFile; fileRef = 4742CBAD1E4103DC00C965D3 /* MapController.swift */; };
		4742CBB01E41041E00C965D3 /* TableController.swift in Sources */ = {isa = PBXBuildFile; fileRef = 4742CBAF1E41041E00C965D3 /* TableController.swift */; };
		474932431E42FBBF0081FD7F /* CreatePostControllerKeyboard.swift in Sources */ = {isa = PBXBuildFile; fileRef = 474932421E42FBBF0081FD7F /* CreatePostControllerKeyboard.swift */; };
		474DEBF41E41BE8800183FC9 /* StudentInfoTableViewCell.swift in Sources */ = {isa = PBXBuildFile; fileRef = 474DEBF31E41BE8800183FC9 /* StudentInfoTableViewCell.swift */; };
		474DEBF61E41F96200183FC9 /* CreatePostController.swift in Sources */ = {isa = PBXBuildFile; fileRef = 474DEBF51E41F96200183FC9 /* CreatePostController.swift */; };
		47A739401E44CC170029CAA1 /* UserData.swift in Sources */ = {isa = PBXBuildFile; fileRef = 47A7393F1E44CC170029CAA1 /* UserData.swift */; };
		47A739421E44F4A30029CAA1 /* UserInfoListener.swift in Sources */ = {isa = PBXBuildFile; fileRef = 47A739411E44F4A30029CAA1 /* UserInfoListener.swift */; };
		47A739441E44F4E00029CAA1 /* SubmitUserInfoListener.swift in Sources */ = {isa = PBXBuildFile; fileRef = 47A739431E44F4E00029CAA1 /* SubmitUserInfoListener.swift */; };
		47F884391E444643003E4B9C /* LocateOnMapController.swift in Sources */ = {isa = PBXBuildFile; fileRef = 47F884381E444643003E4B9C /* LocateOnMapController.swift */; };
		47F88EE31E459341000B4B98 /* NetworkHelper.swift in Sources */ = {isa = PBXBuildFile; fileRef = 47F88EE21E459341000B4B98 /* NetworkHelper.swift */; };
/* End PBXBuildFile section */

/* Begin PBXContainerItemProxy section */
		471A1DC91E40488D00E15DB0 /* PBXContainerItemProxy */ = {
			isa = PBXContainerItemProxy;
			containerPortal = 471A1DAC1E40488D00E15DB0 /* Project object */;
			proxyType = 1;
			remoteGlobalIDString = 471A1DB31E40488D00E15DB0;
			remoteInfo = OnTheMap;
		};
		471A1DD41E40488D00E15DB0 /* PBXContainerItemProxy */ = {
			isa = PBXContainerItemProxy;
			containerPortal = 471A1DAC1E40488D00E15DB0 /* Project object */;
			proxyType = 1;
			remoteGlobalIDString = 471A1DB31E40488D00E15DB0;
			remoteInfo = OnTheMap;
		};
/* End PBXContainerItemProxy section */

/* Begin PBXFileReference section */
		471A1DB41E40488D00E15DB0 /* OnTheMap.app */ = {isa = PBXFileReference; explicitFileType = wrapper.application; includeInIndex = 0; path = OnTheMap.app; sourceTree = BUILT_PRODUCTS_DIR; };
		471A1DB71E40488D00E15DB0 /* AppDelegate.swift */ = {isa = PBXFileReference; lastKnownFileType = sourcecode.swift; path = AppDelegate.swift; sourceTree = "<group>"; };
		471A1DB91E40488D00E15DB0 /* LoginController.swift */ = {isa = PBXFileReference; lastKnownFileType = sourcecode.swift; path = LoginController.swift; sourceTree = "<group>"; };
		471A1DBC1E40488D00E15DB0 /* Base */ = {isa = PBXFileReference; lastKnownFileType = file.storyboard; name = Base; path = Base.lproj/Main.storyboard; sourceTree = "<group>"; };
		471A1DBE1E40488D00E15DB0 /* Assets.xcassets */ = {isa = PBXFileReference; lastKnownFileType = folder.assetcatalog; path = Assets.xcassets; sourceTree = "<group>"; };
		471A1DC11E40488D00E15DB0 /* Base */ = {isa = PBXFileReference; lastKnownFileType = file.storyboard; name = Base; path = Base.lproj/LaunchScreen.storyboard; sourceTree = "<group>"; };
		471A1DC31E40488D00E15DB0 /* Info.plist */ = {isa = PBXFileReference; lastKnownFileType = text.plist.xml; path = Info.plist; sourceTree = "<group>"; };
		471A1DC81E40488D00E15DB0 /* OnTheMapTests.xctest */ = {isa = PBXFileReference; explicitFileType = wrapper.cfbundle; includeInIndex = 0; path = OnTheMapTests.xctest; sourceTree = BUILT_PRODUCTS_DIR; };
		471A1DCC1E40488D00E15DB0 /* OnTheMapTests.swift */ = {isa = PBXFileReference; lastKnownFileType = sourcecode.swift; path = OnTheMapTests.swift; sourceTree = "<group>"; };
		471A1DCE1E40488D00E15DB0 /* Info.plist */ = {isa = PBXFileReference; lastKnownFileType = text.plist.xml; path = Info.plist; sourceTree = "<group>"; };
		471A1DD31E40488D00E15DB0 /* OnTheMapUITests.xctest */ = {isa = PBXFileReference; explicitFileType = wrapper.cfbundle; includeInIndex = 0; path = OnTheMapUITests.xctest; sourceTree = BUILT_PRODUCTS_DIR; };
		471A1DD71E40488D00E15DB0 /* OnTheMapUITests.swift */ = {isa = PBXFileReference; lastKnownFileType = sourcecode.swift; path = OnTheMapUITests.swift; sourceTree = "<group>"; };
		471A1DD91E40488D00E15DB0 /* Info.plist */ = {isa = PBXFileReference; lastKnownFileType = text.plist.xml; path = Info.plist; sourceTree = "<group>"; };
		471A1DE61E40614500E15DB0 /* LoginControllerKeyboard.swift */ = {isa = PBXFileReference; fileEncoding = 4; lastKnownFileType = sourcecode.swift; path = LoginControllerKeyboard.swift; sourceTree = "<group>"; };
		4742CB931E40746B00C965D3 /* LoginControllerValidator.swift */ = {isa = PBXFileReference; fileEncoding = 4; lastKnownFileType = sourcecode.swift; path = LoginControllerValidator.swift; sourceTree = "<group>"; };
		4742CB971E409E6A00C965D3 /* SessionInfo.swift */ = {isa = PBXFileReference; fileEncoding = 4; lastKnownFileType = sourcecode.swift; path = SessionInfo.swift; sourceTree = "<group>"; };
		4742CB991E409EA400C965D3 /* Account.swift */ = {isa = PBXFileReference; fileEncoding = 4; lastKnownFileType = sourcecode.swift; path = Account.swift; sourceTree = "<group>"; };
		4742CB9B1E409EC000C965D3 /* Session.swift */ = {isa = PBXFileReference; fileEncoding = 4; lastKnownFileType = sourcecode.swift; path = Session.swift; sourceTree = "<group>"; };
		4742CB9E1E40CEE200C965D3 /* SessionInfoListener.swift */ = {isa = PBXFileReference; fileEncoding = 4; lastKnownFileType = sourcecode.swift; path = SessionInfoListener.swift; sourceTree = "<group>"; };
		4742CBA01E40D07D00C965D3 /* LoginControllerSessionInfo.swift */ = {isa = PBXFileReference; fileEncoding = 4; lastKnownFileType = sourcecode.swift; path = LoginControllerSessionInfo.swift; sourceTree = "<group>"; };
		4742CBA21E40D0F300C965D3 /* SessionStore.swift */ = {isa = PBXFileReference; fileEncoding = 4; lastKnownFileType = sourcecode.swift; path = SessionStore.swift; sourceTree = "<group>"; };
		4742CBA41E40FBB600C965D3 /* StudentInfoStore.swift */ = {isa = PBXFileReference; fileEncoding = 4; lastKnownFileType = sourcecode.swift; path = StudentInfoStore.swift; sourceTree = "<group>"; };
		4742CBA61E40FCEE00C965D3 /* StudentInfo.swift */ = {isa = PBXFileReference; fileEncoding = 4; lastKnownFileType = sourcecode.swift; path = StudentInfo.swift; sourceTree = "<group>"; };
		4742CBA81E40FD5F00C965D3 /* StudentInfoListener.swift */ = {isa = PBXFileReference; fileEncoding = 4; lastKnownFileType = sourcecode.swift; path = StudentInfoListener.swift; sourceTree = "<group>"; };
		4742CBAB1E41035000C965D3 /* MapKit.framework */ = {isa = PBXFileReference; lastKnownFileType = wrapper.framework; name = MapKit.framework; path = System/Library/Frameworks/MapKit.framework; sourceTree = SDKROOT; };
		4742CBAD1E4103DC00C965D3 /* MapController.swift */ = {isa = PBXFileReference; fileEncoding = 4; lastKnownFileType = sourcecode.swift; path = MapController.swift; sourceTree = "<group>"; };
		4742CBAF1E41041E00C965D3 /* TableController.swift */ = {isa = PBXFileReference; fileEncoding = 4; lastKnownFileType = sourcecode.swift; path = TableController.swift; sourceTree = "<group>"; };
		474932421E42FBBF0081FD7F /* CreatePostControllerKeyboard.swift */ = {isa = PBXFileReference; fileEncoding = 4; lastKnownFileType = sourcecode.swift; path = CreatePostControllerKeyboard.swift; sourceTree = "<group>"; };
		474DEBF31E41BE8800183FC9 /* StudentInfoTableViewCell.swift */ = {isa = PBXFileReference; fileEncoding = 4; lastKnownFileType = sourcecode.swift; path = StudentInfoTableViewCell.swift; sourceTree = "<group>"; };
		474DEBF51E41F96200183FC9 /* CreatePostController.swift */ = {isa = PBXFileReference; fileEncoding = 4; lastKnownFileType = sourcecode.swift; path = CreatePostController.swift; sourceTree = "<group>"; };
		47A7393F1E44CC170029CAA1 /* UserData.swift */ = {isa = PBXFileReference; fileEncoding = 4; lastKnownFileType = sourcecode.swift; path = UserData.swift; sourceTree = "<group>"; };
		47A739411E44F4A30029CAA1 /* UserInfoListener.swift */ = {isa = PBXFileReference; fileEncoding = 4; lastKnownFileType = sourcecode.swift; path = UserInfoListener.swift; sourceTree = "<group>"; };
		47A739431E44F4E00029CAA1 /* SubmitUserInfoListener.swift */ = {isa = PBXFileReference; fileEncoding = 4; lastKnownFileType = sourcecode.swift; path = SubmitUserInfoListener.swift; sourceTree = "<group>"; };
		47F884381E444643003E4B9C /* LocateOnMapController.swift */ = {isa = PBXFileReference; fileEncoding = 4; lastKnownFileType = sourcecode.swift; path = LocateOnMapController.swift; sourceTree = "<group>"; };
		47F88EE21E459341000B4B98 /* NetworkHelper.swift */ = {isa = PBXFileReference; fileEncoding = 4; lastKnownFileType = sourcecode.swift; path = NetworkHelper.swift; sourceTree = "<group>"; };
/* End PBXFileReference section */

/* Begin PBXFrameworksBuildPhase section */
		471A1DB11E40488D00E15DB0 /* Frameworks */ = {
			isa = PBXFrameworksBuildPhase;
			buildActionMask = 2147483647;
			files = (
				4742CBAC1E41035000C965D3 /* MapKit.framework in Frameworks */,
			);
			runOnlyForDeploymentPostprocessing = 0;
		};
		471A1DC51E40488D00E15DB0 /* Frameworks */ = {
			isa = PBXFrameworksBuildPhase;
			buildActionMask = 2147483647;
			files = (
			);
			runOnlyForDeploymentPostprocessing = 0;
		};
		471A1DD01E40488D00E15DB0 /* Frameworks */ = {
			isa = PBXFrameworksBuildPhase;
			buildActionMask = 2147483647;
			files = (
			);
			runOnlyForDeploymentPostprocessing = 0;
		};
/* End PBXFrameworksBuildPhase section */

/* Begin PBXGroup section */
		471A1DAB1E40488D00E15DB0 = {
			isa = PBXGroup;
			children = (
				471A1DB61E40488D00E15DB0 /* OnTheMap */,
				471A1DCB1E40488D00E15DB0 /* OnTheMapTests */,
				471A1DD61E40488D00E15DB0 /* OnTheMapUITests */,
				471A1DB51E40488D00E15DB0 /* Products */,
				4742CBAA1E41035000C965D3 /* Frameworks */,
			);
			sourceTree = "<group>";
		};
		471A1DB51E40488D00E15DB0 /* Products */ = {
			isa = PBXGroup;
			children = (
				471A1DB41E40488D00E15DB0 /* OnTheMap.app */,
				471A1DC81E40488D00E15DB0 /* OnTheMapTests.xctest */,
				471A1DD31E40488D00E15DB0 /* OnTheMapUITests.xctest */,
			);
			name = Products;
			sourceTree = "<group>";
		};
		471A1DB61E40488D00E15DB0 /* OnTheMap */ = {
			isa = PBXGroup;
			children = (
				474DEBF21E41BE5000183FC9 /* Cells */,
				4742CB9D1E40CDCF00C965D3 /* Protocols */,
				4742CB961E409E3A00C965D3 /* Store */,
				4742CB951E40772600C965D3 /* Controllers */,
				471A1DE51E40611500E15DB0 /* Extentions */,
				471A1DB71E40488D00E15DB0 /* AppDelegate.swift */,
				471A1DBB1E40488D00E15DB0 /* Main.storyboard */,
				471A1DBE1E40488D00E15DB0 /* Assets.xcassets */,
				471A1DC01E40488D00E15DB0 /* LaunchScreen.storyboard */,
				471A1DC31E40488D00E15DB0 /* Info.plist */,
			);
			path = OnTheMap;
			sourceTree = "<group>";
		};
		471A1DCB1E40488D00E15DB0 /* OnTheMapTests */ = {
			isa = PBXGroup;
			children = (
				471A1DCC1E40488D00E15DB0 /* OnTheMapTests.swift */,
				471A1DCE1E40488D00E15DB0 /* Info.plist */,
			);
			path = OnTheMapTests;
			sourceTree = "<group>";
		};
		471A1DD61E40488D00E15DB0 /* OnTheMapUITests */ = {
			isa = PBXGroup;
			children = (
				471A1DD71E40488D00E15DB0 /* OnTheMapUITests.swift */,
				471A1DD91E40488D00E15DB0 /* Info.plist */,
			);
			path = OnTheMapUITests;
			sourceTree = "<group>";
		};
		471A1DE51E40611500E15DB0 /* Extentions */ = {
			isa = PBXGroup;
			children = (
				471A1DE61E40614500E15DB0 /* LoginControllerKeyboard.swift */,
				4742CB931E40746B00C965D3 /* LoginControllerValidator.swift */,
				4742CBA01E40D07D00C965D3 /* LoginControllerSessionInfo.swift */,
				474932421E42FBBF0081FD7F /* CreatePostControllerKeyboard.swift */,
				47F88EE21E459341000B4B98 /* NetworkHelper.swift */,
			);
			name = Extentions;
			sourceTree = "<group>";
		};
		4742CB951E40772600C965D3 /* Controllers */ = {
			isa = PBXGroup;
			children = (
				471A1DB91E40488D00E15DB0 /* LoginController.swift */,
				4742CBAD1E4103DC00C965D3 /* MapController.swift */,
				4742CBAF1E41041E00C965D3 /* TableController.swift */,
				474DEBF51E41F96200183FC9 /* CreatePostController.swift */,
				47F884381E444643003E4B9C /* LocateOnMapController.swift */,
			);
			name = Controllers;
			sourceTree = "<group>";
		};
		4742CB961E409E3A00C965D3 /* Store */ = {
			isa = PBXGroup;
			children = (
				4742CB971E409E6A00C965D3 /* SessionInfo.swift */,
				4742CB991E409EA400C965D3 /* Account.swift */,
				4742CB9B1E409EC000C965D3 /* Session.swift */,
				4742CBA21E40D0F300C965D3 /* SessionStore.swift */,
				4742CBA41E40FBB600C965D3 /* StudentInfoStore.swift */,
				4742CBA61E40FCEE00C965D3 /* StudentInfo.swift */,
				47A7393F1E44CC170029CAA1 /* UserData.swift */,
			);
			name = Store;
			sourceTree = "<group>";
		};
		4742CB9D1E40CDCF00C965D3 /* Protocols */ = {
			isa = PBXGroup;
			children = (
				4742CB9E1E40CEE200C965D3 /* SessionInfoListener.swift */,
				4742CBA81E40FD5F00C965D3 /* StudentInfoListener.swift */,
				47A739411E44F4A30029CAA1 /* UserInfoListener.swift */,
				47A739431E44F4E00029CAA1 /* SubmitUserInfoListener.swift */,
			);
			name = Protocols;
			sourceTree = "<group>";
		};
		4742CBAA1E41035000C965D3 /* Frameworks */ = {
			isa = PBXGroup;
			children = (
				4742CBAB1E41035000C965D3 /* MapKit.framework */,
			);
			name = Frameworks;
			sourceTree = "<group>";
		};
		474DEBF21E41BE5000183FC9 /* Cells */ = {
			isa = PBXGroup;
			children = (
				474DEBF31E41BE8800183FC9 /* StudentInfoTableViewCell.swift */,
			);
			name = Cells;
			sourceTree = "<group>";
		};
/* End PBXGroup section */

/* Begin PBXNativeTarget section */
		471A1DB31E40488D00E15DB0 /* OnTheMap */ = {
			isa = PBXNativeTarget;
			buildConfigurationList = 471A1DDC1E40488D00E15DB0 /* Build configuration list for PBXNativeTarget "OnTheMap" */;
			buildPhases = (
				471A1DB01E40488D00E15DB0 /* Sources */,
				471A1DB11E40488D00E15DB0 /* Frameworks */,
				471A1DB21E40488D00E15DB0 /* Resources */,
			);
			buildRules = (
			);
			dependencies = (
			);
			name = OnTheMap;
			productName = OnTheMap;
			productReference = 471A1DB41E40488D00E15DB0 /* OnTheMap.app */;
			productType = "com.apple.product-type.application";
		};
		471A1DC71E40488D00E15DB0 /* OnTheMapTests */ = {
			isa = PBXNativeTarget;
			buildConfigurationList = 471A1DDF1E40488D00E15DB0 /* Build configuration list for PBXNativeTarget "OnTheMapTests" */;
			buildPhases = (
				471A1DC41E40488D00E15DB0 /* Sources */,
				471A1DC51E40488D00E15DB0 /* Frameworks */,
				471A1DC61E40488D00E15DB0 /* Resources */,
			);
			buildRules = (
			);
			dependencies = (
				471A1DCA1E40488D00E15DB0 /* PBXTargetDependency */,
			);
			name = OnTheMapTests;
			productName = OnTheMapTests;
			productReference = 471A1DC81E40488D00E15DB0 /* OnTheMapTests.xctest */;
			productType = "com.apple.product-type.bundle.unit-test";
		};
		471A1DD21E40488D00E15DB0 /* OnTheMapUITests */ = {
			isa = PBXNativeTarget;
			buildConfigurationList = 471A1DE21E40488D00E15DB0 /* Build configuration list for PBXNativeTarget "OnTheMapUITests" */;
			buildPhases = (
				471A1DCF1E40488D00E15DB0 /* Sources */,
				471A1DD01E40488D00E15DB0 /* Frameworks */,
				471A1DD11E40488D00E15DB0 /* Resources */,
			);
			buildRules = (
			);
			dependencies = (
				471A1DD51E40488D00E15DB0 /* PBXTargetDependency */,
			);
			name = OnTheMapUITests;
			productName = OnTheMapUITests;
			productReference = 471A1DD31E40488D00E15DB0 /* OnTheMapUITests.xctest */;
			productType = "com.apple.product-type.bundle.ui-testing";
		};
/* End PBXNativeTarget section */

/* Begin PBXProject section */
		471A1DAC1E40488D00E15DB0 /* Project object */ = {
			isa = PBXProject;
			attributes = {
				LastSwiftUpdateCheck = 0820;
				LastUpgradeCheck = 0820;
				ORGANIZATIONNAME = Kushal;
				TargetAttributes = {
					471A1DB31E40488D00E15DB0 = {
						CreatedOnToolsVersion = 8.2.1;
						DevelopmentTeam = 295L4L9PZE;
						ProvisioningStyle = Automatic;
					};
					471A1DC71E40488D00E15DB0 = {
						CreatedOnToolsVersion = 8.2.1;
						ProvisioningStyle = Automatic;
						TestTargetID = 471A1DB31E40488D00E15DB0;
					};
					471A1DD21E40488D00E15DB0 = {
						CreatedOnToolsVersion = 8.2.1;
						ProvisioningStyle = Automatic;
						TestTargetID = 471A1DB31E40488D00E15DB0;
					};
				};
			};
			buildConfigurationList = 471A1DAF1E40488D00E15DB0 /* Build configuration list for PBXProject "OnTheMap" */;
			compatibilityVersion = "Xcode 3.2";
			developmentRegion = English;
			hasScannedForEncodings = 0;
			knownRegions = (
				en,
				Base,
			);
			mainGroup = 471A1DAB1E40488D00E15DB0;
			productRefGroup = 471A1DB51E40488D00E15DB0 /* Products */;
			projectDirPath = "";
			projectRoot = "";
			targets = (
				471A1DB31E40488D00E15DB0 /* OnTheMap */,
				471A1DC71E40488D00E15DB0 /* OnTheMapTests */,
				471A1DD21E40488D00E15DB0 /* OnTheMapUITests */,
			);
		};
/* End PBXProject section */

/* Begin PBXResourcesBuildPhase section */
		471A1DB21E40488D00E15DB0 /* Resources */ = {
			isa = PBXResourcesBuildPhase;
			buildActionMask = 2147483647;
			files = (
				471A1DC21E40488D00E15DB0 /* LaunchScreen.storyboard in Resources */,
				471A1DBF1E40488D00E15DB0 /* Assets.xcassets in Resources */,
				471A1DBD1E40488D00E15DB0 /* Main.storyboard in Resources */,
			);
			runOnlyForDeploymentPostprocessing = 0;
		};
		471A1DC61E40488D00E15DB0 /* Resources */ = {
			isa = PBXResourcesBuildPhase;
			buildActionMask = 2147483647;
			files = (
			);
			runOnlyForDeploymentPostprocessing = 0;
		};
		471A1DD11E40488D00E15DB0 /* Resources */ = {
			isa = PBXResourcesBuildPhase;
			buildActionMask = 2147483647;
			files = (
			);
			runOnlyForDeploymentPostprocessing = 0;
		};
/* End PBXResourcesBuildPhase section */

/* Begin PBXSourcesBuildPhase section */
		471A1DB01E40488D00E15DB0 /* Sources */ = {
			isa = PBXSourcesBuildPhase;
			buildActionMask = 2147483647;
			files = (
				4742CB9C1E409EC000C965D3 /* Session.swift in Sources */,
				4742CB9F1E40CEE200C965D3 /* SessionInfoListener.swift in Sources */,
				4742CBA91E40FD5F00C965D3 /* StudentInfoListener.swift in Sources */,
				4742CBB01E41041E00C965D3 /* TableController.swift in Sources */,
				4742CBA51E40FBB600C965D3 /* StudentInfoStore.swift in Sources */,
				47F88EE31E459341000B4B98 /* NetworkHelper.swift in Sources */,
				4742CBA71E40FCEE00C965D3 /* StudentInfo.swift in Sources */,
				47A739441E44F4E00029CAA1 /* SubmitUserInfoListener.swift in Sources */,
				474932431E42FBBF0081FD7F /* CreatePostControllerKeyboard.swift in Sources */,
				4742CB941E40746B00C965D3 /* LoginControllerValidator.swift in Sources */,
				4742CBA11E40D07D00C965D3 /* LoginControllerSessionInfo.swift in Sources */,
				47F884391E444643003E4B9C /* LocateOnMapController.swift in Sources */,
				471A1DBA1E40488D00E15DB0 /* LoginController.swift in Sources */,
				4742CBAE1E4103DC00C965D3 /* MapController.swift in Sources */,
				471A1DB81E40488D00E15DB0 /* AppDelegate.swift in Sources */,
				47A739421E44F4A30029CAA1 /* UserInfoListener.swift in Sources */,
				4742CBA31E40D0F300C965D3 /* SessionStore.swift in Sources */,
				4742CB981E409E6A00C965D3 /* SessionInfo.swift in Sources */,
				471A1DE71E40614500E15DB0 /* LoginControllerKeyboard.swift in Sources */,
				4742CB9A1E409EA400C965D3 /* Account.swift in Sources */,
				474DEBF61E41F96200183FC9 /* CreatePostController.swift in Sources */,
				47A739401E44CC170029CAA1 /* UserData.swift in Sources */,
				474DEBF41E41BE8800183FC9 /* StudentInfoTableViewCell.swift in Sources */,
			);
			runOnlyForDeploymentPostprocessing = 0;
		};
		471A1DC41E40488D00E15DB0 /* Sources */ = {
			isa = PBXSourcesBuildPhase;
			buildActionMask = 2147483647;
			files = (
				471A1DCD1E40488D00E15DB0 /* OnTheMapTests.swift in Sources */,
			);
			runOnlyForDeploymentPostprocessing = 0;
		};
		471A1DCF1E40488D00E15DB0 /* Sources */ = {
			isa = PBXSourcesBuildPhase;
			buildActionMask = 2147483647;
			files = (
				471A1DD81E40488D00E15DB0 /* OnTheMapUITests.swift in Sources */,
			);
			runOnlyForDeploymentPostprocessing = 0;
		};
/* End PBXSourcesBuildPhase section */

/* Begin PBXTargetDependency section */
		471A1DCA1E40488D00E15DB0 /* PBXTargetDependency */ = {
			isa = PBXTargetDependency;
			target = 471A1DB31E40488D00E15DB0 /* OnTheMap */;
			targetProxy = 471A1DC91E40488D00E15DB0 /* PBXContainerItemProxy */;
		};
		471A1DD51E40488D00E15DB0 /* PBXTargetDependency */ = {
			isa = PBXTargetDependency;
			target = 471A1DB31E40488D00E15DB0 /* OnTheMap */;
			targetProxy = 471A1DD41E40488D00E15DB0 /* PBXContainerItemProxy */;
		};
/* End PBXTargetDependency section */

/* Begin PBXVariantGroup section */
		471A1DBB1E40488D00E15DB0 /* Main.storyboard */ = {
			isa = PBXVariantGroup;
			children = (
				471A1DBC1E40488D00E15DB0 /* Base */,
			);
			name = Main.storyboard;
			sourceTree = "<group>";
		};
		471A1DC01E40488D00E15DB0 /* LaunchScreen.storyboard */ = {
			isa = PBXVariantGroup;
			children = (
				471A1DC11E40488D00E15DB0 /* Base */,
			);
			name = LaunchScreen.storyboard;
			sourceTree = "<group>";
		};
/* End PBXVariantGroup section */

/* Begin XCBuildConfiguration section */
		471A1DDA1E40488D00E15DB0 /* Debug */ = {
			isa = XCBuildConfiguration;
			buildSettings = {
				ALWAYS_SEARCH_USER_PATHS = NO;
				CLANG_ANALYZER_NONNULL = YES;
				CLANG_CXX_LANGUAGE_STANDARD = "gnu++0x";
				CLANG_CXX_LIBRARY = "libc++";
				CLANG_ENABLE_MODULES = YES;
				CLANG_ENABLE_OBJC_ARC = YES;
				CLANG_WARN_BOOL_CONVERSION = YES;
				CLANG_WARN_CONSTANT_CONVERSION = YES;
				CLANG_WARN_DIRECT_OBJC_ISA_USAGE = YES_ERROR;
				CLANG_WARN_DOCUMENTATION_COMMENTS = YES;
				CLANG_WARN_EMPTY_BODY = YES;
				CLANG_WARN_ENUM_CONVERSION = YES;
				CLANG_WARN_INFINITE_RECURSION = YES;
				CLANG_WARN_INT_CONVERSION = YES;
				CLANG_WARN_OBJC_ROOT_CLASS = YES_ERROR;
				CLANG_WARN_SUSPICIOUS_MOVE = YES;
				CLANG_WARN_UNREACHABLE_CODE = YES;
				CLANG_WARN__DUPLICATE_METHOD_MATCH = YES;
				"CODE_SIGN_IDENTITY[sdk=iphoneos*]" = "iPhone Developer";
				COPY_PHASE_STRIP = NO;
				DEBUG_INFORMATION_FORMAT = dwarf;
				ENABLE_STRICT_OBJC_MSGSEND = YES;
				ENABLE_TESTABILITY = YES;
				GCC_C_LANGUAGE_STANDARD = gnu99;
				GCC_DYNAMIC_NO_PIC = NO;
				GCC_NO_COMMON_BLOCKS = YES;
				GCC_OPTIMIZATION_LEVEL = 0;
				GCC_PREPROCESSOR_DEFINITIONS = (
					"DEBUG=1",
					"$(inherited)",
				);
				GCC_WARN_64_TO_32_BIT_CONVERSION = YES;
				GCC_WARN_ABOUT_RETURN_TYPE = YES_ERROR;
				GCC_WARN_UNDECLARED_SELECTOR = YES;
				GCC_WARN_UNINITIALIZED_AUTOS = YES_AGGRESSIVE;
				GCC_WARN_UNUSED_FUNCTION = YES;
				GCC_WARN_UNUSED_VARIABLE = YES;
				IPHONEOS_DEPLOYMENT_TARGET = 10.2;
				MTL_ENABLE_DEBUG_INFO = YES;
				ONLY_ACTIVE_ARCH = YES;
				SDKROOT = iphoneos;
				SWIFT_ACTIVE_COMPILATION_CONDITIONS = DEBUG;
				SWIFT_OPTIMIZATION_LEVEL = "-Onone";
				TARGETED_DEVICE_FAMILY = "1,2";
			};
			name = Debug;
		};
		471A1DDB1E40488D00E15DB0 /* Release */ = {
			isa = XCBuildConfiguration;
			buildSettings = {
				ALWAYS_SEARCH_USER_PATHS = NO;
				CLANG_ANALYZER_NONNULL = YES;
				CLANG_CXX_LANGUAGE_STANDARD = "gnu++0x";
				CLANG_CXX_LIBRARY = "libc++";
				CLANG_ENABLE_MODULES = YES;
				CLANG_ENABLE_OBJC_ARC = YES;
				CLANG_WARN_BOOL_CONVERSION = YES;
				CLANG_WARN_CONSTANT_CONVERSION = YES;
				CLANG_WARN_DIRECT_OBJC_ISA_USAGE = YES_ERROR;
				CLANG_WARN_DOCUMENTATION_COMMENTS = YES;
				CLANG_WARN_EMPTY_BODY = YES;
				CLANG_WARN_ENUM_CONVERSION = YES;
				CLANG_WARN_INFINITE_RECURSION = YES;
				CLANG_WARN_INT_CONVERSION = YES;
				CLANG_WARN_OBJC_ROOT_CLASS = YES_ERROR;
				CLANG_WARN_SUSPICIOUS_MOVE = YES;
				CLANG_WARN_UNREACHABLE_CODE = YES;
				CLANG_WARN__DUPLICATE_METHOD_MATCH = YES;
				"CODE_SIGN_IDENTITY[sdk=iphoneos*]" = "iPhone Developer";
				COPY_PHASE_STRIP = NO;
				DEBUG_INFORMATION_FORMAT = "dwarf-with-dsym";
				ENABLE_NS_ASSERTIONS = NO;
				ENABLE_STRICT_OBJC_MSGSEND = YES;
				GCC_C_LANGUAGE_STANDARD = gnu99;
				GCC_NO_COMMON_BLOCKS = YES;
				GCC_WARN_64_TO_32_BIT_CONVERSION = YES;
				GCC_WARN_ABOUT_RETURN_TYPE = YES_ERROR;
				GCC_WARN_UNDECLARED_SELECTOR = YES;
				GCC_WARN_UNINITIALIZED_AUTOS = YES_AGGRESSIVE;
				GCC_WARN_UNUSED_FUNCTION = YES;
				GCC_WARN_UNUSED_VARIABLE = YES;
				IPHONEOS_DEPLOYMENT_TARGET = 10.2;
				MTL_ENABLE_DEBUG_INFO = NO;
				SDKROOT = iphoneos;
				SWIFT_OPTIMIZATION_LEVEL = "-Owholemodule";
				TARGETED_DEVICE_FAMILY = "1,2";
				VALIDATE_PRODUCT = YES;
			};
			name = Release;
		};
		471A1DDD1E40488D00E15DB0 /* Debug */ = {
			isa = XCBuildConfiguration;
			buildSettings = {
				ASSETCATALOG_COMPILER_APPICON_NAME = AppIcon;
				DEVELOPMENT_TEAM = 295L4L9PZE;
				INFOPLIST_FILE = OnTheMap/Info.plist;
				IPHONEOS_DEPLOYMENT_TARGET = 10.2;
				LD_RUNPATH_SEARCH_PATHS = "$(inherited) @executable_path/Frameworks";
				PRODUCT_BUNDLE_IDENTIFIER = xyz.kushal.OnTheMap;
				PRODUCT_NAME = "$(TARGET_NAME)";
				SWIFT_VERSION = 3.0;
			};
			name = Debug;
		};
		471A1DDE1E40488D00E15DB0 /* Release */ = {
			isa = XCBuildConfiguration;
			buildSettings = {
				ASSETCATALOG_COMPILER_APPICON_NAME = AppIcon;
				DEVELOPMENT_TEAM = 295L4L9PZE;
				INFOPLIST_FILE = OnTheMap/Info.plist;
				IPHONEOS_DEPLOYMENT_TARGET = 10.2;
				LD_RUNPATH_SEARCH_PATHS = "$(inherited) @executable_path/Frameworks";
				PRODUCT_BUNDLE_IDENTIFIER = xyz.kushal.OnTheMap;
				PRODUCT_NAME = "$(TARGET_NAME)";
				SWIFT_VERSION = 3.0;
			};
			name = Release;
		};
		471A1DE01E40488D00E15DB0 /* Debug */ = {
			isa = XCBuildConfiguration;
			buildSettings = {
				ALWAYS_EMBED_SWIFT_STANDARD_LIBRARIES = YES;
				BUNDLE_LOADER = "$(TEST_HOST)";
				INFOPLIST_FILE = OnTheMapTests/Info.plist;
				LD_RUNPATH_SEARCH_PATHS = "$(inherited) @executable_path/Frameworks @loader_path/Frameworks";
				PRODUCT_BUNDLE_IDENTIFIER = xyz.kushal.OnTheMapTests;
				PRODUCT_NAME = "$(TARGET_NAME)";
				SWIFT_VERSION = 3.0;
				TEST_HOST = "$(BUILT_PRODUCTS_DIR)/OnTheMap.app/OnTheMap";
			};
			name = Debug;
		};
		471A1DE11E40488D00E15DB0 /* Release */ = {
			isa = XCBuildConfiguration;
			buildSettings = {
				ALWAYS_EMBED_SWIFT_STANDARD_LIBRARIES = YES;
				BUNDLE_LOADER = "$(TEST_HOST)";
				INFOPLIST_FILE = OnTheMapTests/Info.plist;
				LD_RUNPATH_SEARCH_PATHS = "$(inherited) @executable_path/Frameworks @loader_path/Frameworks";
				PRODUCT_BUNDLE_IDENTIFIER = xyz.kushal.OnTheMapTests;
				PRODUCT_NAME = "$(TARGET_NAME)";
				SWIFT_VERSION = 3.0;
				TEST_HOST = "$(BUILT_PRODUCTS_DIR)/OnTheMap.app/OnTheMap";
			};
			name = Release;
		};
		471A1DE31E40488D00E15DB0 /* Debug */ = {
			isa = XCBuildConfiguration;
			buildSettings = {
				ALWAYS_EMBED_SWIFT_STANDARD_LIBRARIES = YES;
				INFOPLIST_FILE = OnTheMapUITests/Info.plist;
				LD_RUNPATH_SEARCH_PATHS = "$(inherited) @executable_path/Frameworks @loader_path/Frameworks";
				PRODUCT_BUNDLE_IDENTIFIER = xyz.kushal.OnTheMapUITests;
				PRODUCT_NAME = "$(TARGET_NAME)";
				SWIFT_VERSION = 3.0;
				TEST_TARGET_NAME = OnTheMap;
			};
			name = Debug;
		};
		471A1DE41E40488D00E15DB0 /* Release */ = {
			isa = XCBuildConfiguration;
			buildSettings = {
				ALWAYS_EMBED_SWIFT_STANDARD_LIBRARIES = YES;
				INFOPLIST_FILE = OnTheMapUITests/Info.plist;
				LD_RUNPATH_SEARCH_PATHS = "$(inherited) @executable_path/Frameworks @loader_path/Frameworks";
				PRODUCT_BUNDLE_IDENTIFIER = xyz.kushal.OnTheMapUITests;
				PRODUCT_NAME = "$(TARGET_NAME)";
				SWIFT_VERSION = 3.0;
				TEST_TARGET_NAME = OnTheMap;
			};
			name = Release;
		};
/* End XCBuildConfiguration section */

/* Begin XCConfigurationList section */
		471A1DAF1E40488D00E15DB0 /* Build configuration list for PBXProject "OnTheMap" */ = {
			isa = XCConfigurationList;
			buildConfigurations = (
				471A1DDA1E40488D00E15DB0 /* Debug */,
				471A1DDB1E40488D00E15DB0 /* Release */,
			);
			defaultConfigurationIsVisible = 0;
			defaultConfigurationName = Release;
		};
		471A1DDC1E40488D00E15DB0 /* Build configuration list for PBXNativeTarget "OnTheMap" */ = {
			isa = XCConfigurationList;
			buildConfigurations = (
				471A1DDD1E40488D00E15DB0 /* Debug */,
				471A1DDE1E40488D00E15DB0 /* Release */,
			);
			defaultConfigurationIsVisible = 0;
			defaultConfigurationName = Release;
		};
		471A1DDF1E40488D00E15DB0 /* Build configuration list for PBXNativeTarget "OnTheMapTests" */ = {
			isa = XCConfigurationList;
			buildConfigurations = (
				471A1DE01E40488D00E15DB0 /* Debug */,
				471A1DE11E40488D00E15DB0 /* Release */,
			);
			defaultConfigurationIsVisible = 0;
			defaultConfigurationName = Release;
		};
		471A1DE21E40488D00E15DB0 /* Build configuration list for PBXNativeTarget "OnTheMapUITests" */ = {
			isa = XCConfigurationList;
			buildConfigurations = (
				471A1DE31E40488D00E15DB0 /* Debug */,
				471A1DE41E40488D00E15DB0 /* Release */,
			);
			defaultConfigurationIsVisible = 0;
			defaultConfigurationName = Release;
		};
/* End XCConfigurationList section */
	};
	rootObject = 471A1DAC1E40488D00E15DB0 /* Project object */;
}
